
Microsoft Visual Studio Solution File, Format Version 12.00
# Visual Studio 15
VisualStudioVersion = 15.0.28307.421
MinimumVisualStudioVersion = 10.0.40219.1
Project("{9A19103F-16F7-4668-BE54-9A1E7A4F7556}") = "CodemotionRome19.Functions", "CodemotionRome19.Functions\CodemotionRome19.Functions.csproj", "{5FFA9DF2-6004-4A19-8E27-7904D7BD8AF2}"
EndProject
Project("{9A19103F-16F7-4668-BE54-9A1E7A4F7556}") = "CodemotionRome19.Core", "CodemotionRome19.Core\CodemotionRome19.Core.csproj", "{E4D3DE7F-F743-444D-878D-7995DD2800EA}"
EndProject
Global
	GlobalSection(SolutionConfigurationPlatforms) = preSolution
		Debug|Any CPU = Debug|Any CPU
		Release|Any CPU = Release|Any CPU
	EndGlobalSection
	GlobalSection(ProjectConfigurationPlatforms) = postSolution
		{5FFA9DF2-6004-4A19-8E27-7904D7BD8AF2}.Debug|Any CPU.ActiveCfg = Debug|Any CPU
		{5FFA9DF2-6004-4A19-8E27-7904D7BD8AF2}.Debug|Any CPU.Build.0 = Debug|Any CPU
		{5FFA9DF2-6004-4A19-8E27-7904D7BD8AF2}.Release|Any CPU.ActiveCfg = Release|Any CPU
		{5FFA9DF2-6004-4A19-8E27-7904D7BD8AF2}.Release|Any CPU.Build.0 = Release|Any CPU
		{E4D3DE7F-F743-444D-878D-7995DD2800EA}.Debug|Any CPU.ActiveCfg = Debug|Any CPU
		{E4D3DE7F-F743-444D-878D-7995DD2800EA}.Debug|Any CPU.Build.0 = Debug|Any CPU
		{E4D3DE7F-F743-444D-878D-7995DD2800EA}.Release|Any CPU.ActiveCfg = Release|Any CPU
		{E4D3DE7F-F743-444D-878D-7995DD2800EA}.Release|Any CPU.Build.0 = Release|Any CPU
	EndGlobalSection
	GlobalSection(SolutionProperties) = preSolution
		HideSolutionNode = FALSE
	EndGlobalSection
	GlobalSection(ExtensibilityGlobals) = postSolution
		SolutionGuid = {199A9EF2-6BD2-4E23-A887-1B24BA132765}
	EndGlobalSection
EndGlobal
